
Microsoft Visual Studio Solution File, Format Version 12.00
# Visual Studio Version 16
VisualStudioVersion = 16.0.29609.76
MinimumVisualStudioVersion = 10.0.40219.1
Project("{FAE04EC0-301F-11D3-BF4B-00C04F79EFBC}") = "AngularCoreDemo", "AngularCoreDemo\AngularCoreDemo.csproj", "{FE1EF725-9ED3-4FF3-91D6-49BC3C07C2C4}"
EndProject
Global
	GlobalSection(SolutionConfigurationPlatforms) = preSolution
		Debug|Any CPU = Debug|Any CPU
		Release|Any CPU = Release|Any CPU
	EndGlobalSection
	GlobalSection(ProjectConfigurationPlatforms) = postSolution
		{FE1EF725-9ED3-4FF3-91D6-49BC3C07C2C4}.Debug|Any CPU.ActiveCfg = Debug|Any CPU
		{FE1EF725-9ED3-4FF3-91D6-49BC3C07C2C4}.Debug|Any CPU.Build.0 = Debug|Any CPU
		{FE1EF725-9ED3-4FF3-91D6-49BC3C07C2C4}.Release|Any CPU.ActiveCfg = Release|Any CPU
		{FE1EF725-9ED3-4FF3-91D6-49BC3C07C2C4}.Release|Any CPU.Build.0 = Release|Any CPU
	EndGlobalSection
	GlobalSection(SolutionProperties) = preSolution
		HideSolutionNode = FALSE
	EndGlobalSection
	GlobalSection(ExtensibilityGlobals) = postSolution
		SolutionGuid = {7846E664-E92E-4D66-BC71-9766FA5368CB}
	EndGlobalSection
EndGlobal
